# THIS IS AN AUTOGENERATED FILE. DO NOT EDIT THIS FILE DIRECTLY.
# yarn lockfile v1


typescript@^3.1.6:
  version "3.1.6"
  resolved "https://registry.yarnpkg.com/typescript/-/typescript-3.1.6.tgz#b6543a83cfc8c2befb3f4c8fba6896f5b0c9be68"
  integrity sha512-tDMYfVtvpb96msS1lDX9MEdHrW4yOuZ4Kdc4Him9oU796XldPYF/t2+uKoX0BBa0hXXwDlqYQbXY5Rzjzc5hBA==

woothee@^1.7.0:
  version "1.7.0"
  resolved "https://registry.yarnpkg.com/woothee/-/woothee-1.7.0.tgz#fc77aab005b8a0c57a249d0334f71c47afd2937a"
  integrity sha1-/HeqsAW4oMV6JJ0DNPccR6/Sk3o=
