# THIS IS AN AUTOGENERATED FILE. DO NOT EDIT THIS FILE DIRECTLY.
# yarn lockfile v1


"@types/node@^10.12.10":
  version "10.12.10"
  resolved "https://registry.yarnpkg.com/@types/node/-/node-10.12.10.tgz#4fa76e6598b7de3f0cb6ec3abacc4f59e5b3a2ce"
  integrity sha512-8xZEYckCbUVgK8Eg7lf5Iy4COKJ5uXlnIOnePN0WUwSQggy9tolM+tDJf7wMOnT/JT/W9xDYIaYggt3mRV2O5w==

typescript@^3.1.6:
  version "3.1.6"
  resolved "https://registry.yarnpkg.com/typescript/-/typescript-3.1.6.tgz#b6543a83cfc8c2befb3f4c8fba6896f5b0c9be68"
  integrity sha512-tDMYfVtvpb96msS1lDX9MEdHrW4yOuZ4Kdc4Him9oU796XldPYF/t2+uKoX0BBa0hXXwDlqYQbXY5Rzjzc5hBA==

vue-router@^3.0.2:
  version "3.0.2"
  resolved "https://registry.yarnpkg.com/vue-router/-/vue-router-3.0.2.tgz#dedc67afe6c4e2bc25682c8b1c2a8c0d7c7e56be"
  integrity sha512-opKtsxjp9eOcFWdp6xLQPLmRGgfM932Tl56U9chYTnoWqKxQ8M20N7AkdEbM5beUh6wICoFGYugAX9vQjyJLFg==

vue@^2.5.17:
  version "2.5.17"
  resolved "https://registry.yarnpkg.com/vue/-/vue-2.5.17.tgz#0f8789ad718be68ca1872629832ed533589c6ada"
  integrity sha512-mFbcWoDIJi0w0Za4emyLiW72Jae0yjANHbCVquMKijcavBGypqlF7zHRgMa5k4sesdv7hv2rB4JPdZfR+TPfhQ==

vuex@^3.0.1:
  version "3.0.1"
  resolved "https://registry.yarnpkg.com/vuex/-/vuex-3.0.1.tgz#e761352ebe0af537d4bb755a9b9dc4be3df7efd2"
  integrity sha512-wLoqz0B7DSZtgbWL1ShIBBCjv22GV5U+vcBFox658g6V0s4wZV9P4YjCNyoHSyIBpj1f29JBoNQIqD82cR4O3w==

woothee@^1.7.0:
  version "1.7.0"
  resolved "https://registry.yarnpkg.com/woothee/-/woothee-1.7.0.tgz#fc77aab005b8a0c57a249d0334f71c47afd2937a"
  integrity sha1-/HeqsAW4oMV6JJ0DNPccR6/Sk3o=
